// !$*UTF8*$!
{
	archiveVersion = 1;
	classes = {
	};
	objectVersion = 77;
	objects = {

/* Begin PBXBuildFile section */
		FA3F6D2C2F9CB8710088EA65 /* Lottie-Dynamic in Frameworks */ = {isa = PBXBuildFile; productRef = FA3F6D2B2F9CB8710088EA65 /* Lottie-Dynamic */; };
		FA99F66E2F9CC117007EA1B8 /* Lottie-Dynamic in Embed Frameworks */ = {isa = PBXBuildFile; productRef = FA3F6D2B2F9CB8710088EA65 /* Lottie-Dynamic */; settings = {ATTRIBUTES = (CodeSignOnCopy, ); }; };
/* End PBXBuildFile section */

/* Begin PBXContainerItemProxy section */
		FA3F6D0B2F9AAE880088EA65 /* PBXContainerItemProxy */ = {
			isa = PBXContainerItemProxy;
			containerPortal = FA3F6CEC2F9AAE870088EA65 /* Project object */;
			proxyType = 1;
			remoteGlobalIDString = FA3F6CF32F9AAE870088EA65;
			remoteInfo = Signal;
		};
		FA3F6D152F9AAE880088EA65 /* PBXContainerItemProxy */ = {
			isa = PBXContainerItemProxy;
			containerPortal = FA3F6CEC2F9AAE870088EA65 /* Project object */;
			proxyType = 1;
			remoteGlobalIDString = FA3F6CF32F9AAE870088EA65;
			remoteInfo = Signal;
		};
/* End PBXContainerItemProxy section */

/* Begin PBXCopyFilesBuildPhase section */
		FA99F6272F9CC0B5007EA1B8 /* Embed Frameworks */ = {
			isa = PBXCopyFilesBuildPhase;
			buildActionMask = 2147483647;
			dstPath = "";
			dstSubfolderSpec = 10;
			files = (
				FA99F66E2F9CC117007EA1B8 /* Lottie-Dynamic in Embed Frameworks */,
			);
			name = "Embed Frameworks";
			runOnlyForDeploymentPostprocessing = 0;
		};
/* End PBXCopyFilesBuildPhase section */

/* Begin PBXFileReference section */
		FA3F6CF42F9AAE870088EA65 /* Signal.app */ = {isa = PBXFileReference; explicitFileType = wrapper.application; includeInIndex = 0; path = Signal.app; sourceTree = BUILT_PRODUCTS_DIR; };
		FA3F6D0A2F9AAE880088EA65 /* SignalTests.xctest */ = {isa = PBXFileReference; explicitFileType = wrapper.cfbundle; includeInIndex = 0; path = SignalTests.xctest; sourceTree = BUILT_PRODUCTS_DIR; };
		FA3F6D142F9AAE880088EA65 /* SignalUITests.xctest */ = {isa = PBXFileReference; explicitFileType = wrapper.cfbundle; includeInIndex = 0; path = SignalUITests.xctest; sourceTree = BUILT_PRODUCTS_DIR; };
/* End PBXFileReference section */

/* Begin PBXFileSystemSynchronizedBuildFileExceptionSet section */
		FA3F6D1C2F9AAE880088EA65 /* Exceptions for "Signal" folder in "Signal" target */ = {
			isa = PBXFileSystemSynchronizedBuildFileExceptionSet;
			membershipExceptions = (
				Info.plist,
			);
			target = FA3F6CF32F9AAE870088EA65 /* Signal */;
		};
/* End PBXFileSystemSynchronizedBuildFileExceptionSet section */

/* Begin PBXFileSystemSynchronizedRootGroup section */
		FA3F6CF62F9AAE870088EA65 /* Signal */ = {
			isa = PBXFileSystemSynchronizedRootGroup;
			exceptions = (
				FA3F6D1C2F9AAE880088EA65 /* Exceptions for "Signal" folder in "Signal" target */,
			);
			path = Signal;
			sourceTree = "<group>";
		};
		FA3F6D0D2F9AAE880088EA65 /* SignalTests */ = {
			isa = PBXFileSystemSynchronizedRootGroup;
			path = SignalTests;
			sourceTree = "<group>";
		};
		FA3F6D172F9AAE880088EA65 /* SignalUITests */ = {
			isa = PBXFileSystemSynchronizedRootGroup;
			path = SignalUITests;
			sourceTree = "<group>";
		};
/* End PBXFileSystemSynchronizedRootGroup section */

/* Begin PBXFrameworksBuildPhase section */
		FA3F6CF12F9AAE870088EA65 /* Frameworks */ = {
			isa = PBXFrameworksBuildPhase;
			buildActionMask = 2147483647;
			files = (
				FA3F6D2C2F9CB8710088EA65 /* Lottie-Dynamic in Frameworks */,
			);
			runOnlyForDeploymentPostprocessing = 0;
		};
		FA3F6D072F9AAE880088EA65 /* Frameworks */ = {
			isa = PBXFrameworksBuildPhase;
			buildActionMask = 2147483647;
			files = (
			);
			runOnlyForDeploymentPostprocessing = 0;
		};
		FA3F6D112F9AAE880088EA65 /* Frameworks */ = {
			isa = PBXFrameworksBuildPhase;
			buildActionMask = 2147483647;
			files = (
			);
			runOnlyForDeploymentPostprocessing = 0;
		};
/* End PBXFrameworksBuildPhase section */

/* Begin PBXGroup section */
		FA3F6CEB2F9AAE870088EA65 = {
			isa = PBXGroup;
			children = (
				FA3F6CF62F9AAE870088EA65 /* Signal */,
				FA3F6D0D2F9AAE880088EA65 /* SignalTests */,
				FA3F6D172F9AAE880088EA65 /* SignalUITests */,
				FA3F6CF52F9AAE870088EA65 /* Products */,
			);
			sourceTree = "<group>";
		};
		FA3F6CF52F9AAE870088EA65 /* Products */ = {
			isa = PBXGroup;
			children = (
				FA3F6CF42F9AAE870088EA65 /* Signal.app */,
				FA3F6D0A2F9AAE880088EA65 /* SignalTests.xctest */,
				FA3F6D142F9AAE880088EA65 /* SignalUITests.xctest */,
			);
			name = Products;
			sourceTree = "<group>";
		};
/* End PBXGroup section */

/* Begin PBXNativeTarget section */
		FA3F6CF32F9AAE870088EA65 /* Signal */ = {
			isa = PBXNativeTarget;
			buildConfigurationList = FA3F6D1D2F9AAE880088EA65 /* Build configuration list for PBXNativeTarget "Signal" */;
			buildPhases = (
				FA3F6CF02F9AAE870088EA65 /* Sources */,
				FA3F6CF12F9AAE870088EA65 /* Frameworks */,
				FA3F6CF22F9AAE870088EA65 /* Resources */,
				FA99F6272F9CC0B5007EA1B8 /* Embed Frameworks */,
			);
			buildRules = (
			);
			dependencies = (
			);
			fileSystemSynchronizedGroups = (
				FA3F6CF62F9AAE870088EA65 /* Signal */,
			);
			name = Signal;
			packageProductDependencies = (
				FA3F6D2B2F9CB8710088EA65 /* Lottie-Dynamic */,
			);
			productName = Signal;
			productReference = FA3F6CF42F9AAE870088EA65 /* Signal.app */;
			productType = "com.apple.product-type.application";
		};
		FA3F6D092F9AAE880088EA65 /* SignalTests */ = {
			isa = PBXNativeTarget;
			buildConfigurationList = FA3F6D222F9AAE880088EA65 /* Build configuration list for PBXNativeTarget "SignalTests" */;
			buildPhases = (
				FA3F6D062F9AAE880088EA65 /* Sources */,
				FA3F6D072F9AAE880088EA65 /* Frameworks */,
				FA3F6D082F9AAE880088EA65 /* Resources */,
			);
			buildRules = (
			);
			dependencies = (
				FA3F6D0C2F9AAE880088EA65 /* PBXTargetDependency */,
			);
			fileSystemSynchronizedGroups = (
				FA3F6D0D2F9AAE880088EA65 /* SignalTests */,
			);
			name = SignalTests;
			packageProductDependencies = (
			);
			productName = SignalTests;
			productReference = FA3F6D0A2F9AAE880088EA65 /* SignalTests.xctest */;
			productType = "com.apple.product-type.bundle.unit-test";
		};
		FA3F6D132F9AAE880088EA65 /* SignalUITests */ = {
			isa = PBXNativeTarget;
			buildConfigurationList = FA3F6D252F9AAE880088EA65 /* Build configuration list for PBXNativeTarget "SignalUITests" */;
			buildPhases = (
				FA3F6D102F9AAE880088EA65 /* Sources */,
				FA3F6D112F9AAE880088EA65 /* Frameworks */,
				FA3F6D122F9AAE880088EA65 /* Resources */,
			);
			buildRules = (
			);
			dependencies = (
				FA3F6D162F9AAE880088EA65 /* PBXTargetDependency */,
			);
			fileSystemSynchronizedGroups = (
				FA3F6D172F9AAE880088EA65 /* SignalUITests */,
			);
			name = SignalUITests;
			packageProductDependencies = (
			);
			productName = SignalUITests;
			productReference = FA3F6D142F9AAE880088EA65 /* SignalUITests.xctest */;
			productType = "com.apple.product-type.bundle.ui-testing";
		};
/* End PBXNativeTarget section */

/* Begin PBXProject section */
		FA3F6CEC2F9AAE870088EA65 /* Project object */ = {
			isa = PBXProject;
			attributes = {
				BuildIndependentTargetsInParallel = 1;
				LastSwiftUpdateCheck = 2640;
				LastUpgradeCheck = 2640;
				TargetAttributes = {
					FA3F6CF32F9AAE870088EA65 = {
						CreatedOnToolsVersion = 26.4.1;
					};
					FA3F6D092F9AAE880088EA65 = {
						CreatedOnToolsVersion = 26.4.1;
						TestTargetID = FA3F6CF32F9AAE870088EA65;
					};
					FA3F6D132F9AAE880088EA65 = {
						CreatedOnToolsVersion = 26.4.1;
						TestTargetID = FA3F6CF32F9AAE870088EA65;
					};
				};
			};
			buildConfigurationList = FA3F6CEF2F9AAE870088EA65 /* Build configuration list for PBXProject "Signal" */;
			developmentRegion = en;
			hasScannedForEncodings = 0;
			knownRegions = (
				en,
				Base,
			);
			mainGroup = FA3F6CEB2F9AAE870088EA65;
			minimizedProjectReferenceProxies = 1;
			packageReferences = (
				FA3F6D282F9CB8710088EA65 /* XCRemoteSwiftPackageReference "lottie-ios" */,
			);
			preferredProjectObjectVersion = 77;
			productRefGroup = FA3F6CF52F9AAE870088EA65 /* Products */;
			projectDirPath = "";
			projectRoot = "";
			targets = (
				FA3F6CF32F9AAE870088EA65 /* Signal */,
				FA3F6D092F9AAE880088EA65 /* SignalTests */,
				FA3F6D132F9AAE880088EA65 /* SignalUITests */,
			);
		};
/* End PBXProject section */

/* Begin PBXResourcesBuildPhase section */
		FA3F6CF22F9AAE870088EA65 /* Resources */ = {
			isa = PBXResourcesBuildPhase;
			buildActionMask = 2147483647;
			files = (
			);
			runOnlyForDeploymentPostprocessing = 0;
		};
		FA3F6D082F9AAE880088EA65 /* Resources */ = {
			isa = PBXResourcesBuildPhase;
			buildActionMask = 2147483647;
			files = (
			);
			runOnlyForDeploymentPostprocessing = 0;
		};
		FA3F6D122F9AAE880088EA65 /* Resources */ = {
			isa = PBXResourcesBuildPhase;
			buildActionMask = 2147483647;
			files = (
			);
			runOnlyForDeploymentPostprocessing = 0;
		};
/* End PBXResourcesBuildPhase section */

/* Begin PBXSourcesBuildPhase section */
		FA3F6CF02F9AAE870088EA65 /* Sources */ = {
			isa = PBXSourcesBuildPhase;
			buildActionMask = 2147483647;
			files = (
			);
			runOnlyForDeploymentPostprocessing = 0;
		};
		FA3F6D062F9AAE880088EA65 /* Sources */ = {
			isa = PBXSourcesBuildPhase;
			buildActionMask = 2147483647;
			files = (
			);
			runOnlyForDeploymentPostprocessing = 0;
		};
		FA3F6D102F9AAE880088EA65 /* Sources */ = {
			isa = PBXSourcesBuildPhase;
			buildActionMask = 2147483647;
			files = (
			);
			runOnlyForDeploymentPostprocessing = 0;
		};
/* End PBXSourcesBuildPhase section */

/* Begin PBXTargetDependency section */
		FA3F6D0C2F9AAE880088EA65 /* PBXTargetDependency */ = {
			isa = PBXTargetDependency;
			target = FA3F6CF32F9AAE870088EA65 /* Signal */;
			targetProxy = FA3F6D0B2F9AAE880088EA65 /* PBXContainerItemProxy */;
		};
		FA3F6D162F9AAE880088EA65 /* PBXTargetDependency */ = {
			isa = PBXTargetDependency;
			target = FA3F6CF32F9AAE870088EA65 /* Signal */;
			targetProxy = FA3F6D152F9AAE880088EA65 /* PBXContainerItemProxy */;
		};
/* End PBXTargetDependency section */

/* Begin XCBuildConfiguration section */
		FA3F6D1E2F9AAE880088EA65 /* Debug */ = {
			isa = XCBuildConfiguration;
			buildSettings = {
				ASSETCATALOG_COMPILER_APPICON_NAME = AppIcon;
				ASSETCATALOG_COMPILER_GLOBAL_ACCENT_COLOR_NAME = AccentColor;
				CODE_SIGN_STYLE = Automatic;
				CURRENT_PROJECT_VERSION = 1;
				DEVELOPMENT_TEAM = 969493845D;
				GENERATE_INFOPLIST_FILE = YES;
				INFOPLIST_FILE = Signal/Info.plist;
				INFOPLIST_KEY_UIApplicationSupportsIndirectInputEvents = YES;
				INFOPLIST_KEY_UILaunchStoryboardName = LaunchScreen;
				INFOPLIST_KEY_UISupportedInterfaceOrientations_iPad = "UIInterfaceOrientationPortrait UIInterfaceOrientationPortraitUpsideDown UIInterfaceOrientationLandscapeLeft UIInterfaceOrientationLandscapeRight";
				INFOPLIST_KEY_UISupportedInterfaceOrientations_iPhone = "UIInterfaceOrientationPortrait UIInterfaceOrientationLandscapeLeft UIInterfaceOrientationLandscapeRight";
				IPHONEOS_DEPLOYMENT_TARGET = 18.6;
				LD_RUNPATH_SEARCH_PATHS = (
					"$(inherited)",
					"@executable_path/Frameworks",
				);
				MARKETING_VERSION = 1.0;
				PRODUCT_BUNDLE_IDENTIFIER = VishalBhogal.Signal;
				PRODUCT_NAME = "$(TARGET_NAME)";
				STRING_CATALOG_GENERATE_SYMBOLS = YES;
				SWIFT_APPROACHABLE_CONCURRENCY = YES;
				SWIFT_DEFAULT_ACTOR_ISOLATION = MainActor;
				SWIFT_EMIT_LOC_STRINGS = YES;
				SWIFT_UPCOMING_FEATURE_MEMBER_IMPORT_VISIBILITY = YES;
				SWIFT_VERSION = 5.0;
				TARGETED_DEVICE_FAMILY = "1,2";
			};
			name = Debug;
		};
		FA3F6D1F2F9AAE880088EA65 /* Release */ = {
			isa = XCBuildConfiguration;
			buildSettings = {
				ASSETCATALOG_COMPILER_APPICON_NAME = AppIcon;
				ASSETCATALOG_COMPILER_GLOBAL_ACCENT_COLOR_NAME = AccentColor;
				CODE_SIGN_STYLE = Automatic;
				CURRENT_PROJECT_VERSION = 1;
				DEVELOPMENT_TEAM = 969493845D;
				GENERATE_INFOPLIST_FILE = YES;
				INFOPLIST_FILE = Signal/Info.plist;
				INFOPLIST_KEY_UIApplicationSupportsIndirectInputEvents = YES;
				INFOPLIST_KEY_UILaunchStoryboardName = LaunchScreen;
				INFOPLIST_KEY_UISupportedInterfaceOrientations_iPad = "UIInterfaceOrientationPortrait UIInterfaceOrientationPortraitUpsideDown UIInterfaceOrientationLandscapeLeft UIInterfaceOrientationLandscapeRight";
				INFOPLIST_KEY_UISupportedInterfaceOrientations_iPhone = "UIInterfaceOrientationPortrait UIInterfaceOrientationLandscapeLeft UIInterfaceOrientationLandscapeRight";
				IPHONEOS_DEPLOYMENT_TARGET = 18.6;
				LD_RUNPATH_SEARCH_PATHS = (
					"$(inherited)",
					"@executable_path/Frameworks",
				);
				MARKETING_VERSION = 1.0;
				PRODUCT_BUNDLE_IDENTIFIER = VishalBhogal.Signal;
				PRODUCT_NAME = "$(TARGET_NAME)";
				STRING_CATALOG_GENERATE_SYMBOLS = YES;
				SWIFT_APPROACHABLE_CONCURRENCY = YES;
				SWIFT_DEFAULT_ACTOR_ISOLATION = MainActor;
				SWIFT_EMIT_LOC_STRINGS = YES;
				SWIFT_UPCOMING_FEATURE_MEMBER_IMPORT_VISIBILITY = YES;
				SWIFT_VERSION = 5.0;
				TARGETED_DEVICE_FAMILY = "1,2";
			};
			name = Release;
		};
		FA3F6D202F9AAE880088EA65 /* Debug */ = {
			isa = XCBuildConfiguration;
			buildSettings = {
				ALWAYS_SEARCH_USER_PATHS = NO;
				ASSETCATALOG_COMPILER_GENERATE_SWIFT_ASSET_SYMBOL_EXTENSIONS = YES;
				CLANG_ANALYZER_NONNULL = YES;
				CLANG_ANALYZER_NUMBER_OBJECT_CONVERSION = YES_AGGRESSIVE;
				CLANG_CXX_LANGUAGE_STANDARD = "gnu++20";
				CLANG_ENABLE_MODULES = YES;
				CLANG_ENABLE_OBJC_ARC = YES;
				CLANG_ENABLE_OBJC_WEAK = YES;
				CLANG_WARN_BLOCK_CAPTURE_AUTORELEASING = YES;
				CLANG_WARN_BOOL_CONVERSION = YES;
				CLANG_WARN_COMMA = YES;
				CLANG_WARN_CONSTANT_CONVERSION = YES;
				CLANG_WARN_DEPRECATED_OBJC_IMPLEMENTATIONS = YES;
				CLANG_WARN_DIRECT_OBJC_ISA_USAGE = YES_ERROR;
				CLANG_WARN_DOCUMENTATION_COMMENTS = YES;
				CLANG_WARN_EMPTY_BODY = YES;
				CLANG_WARN_ENUM_CONVERSION = YES;
				CLANG_WARN_INFINITE_RECURSION = YES;
				CLANG_WARN_INT_CONVERSION = YES;
				CLANG_WARN_NON_LITERAL_NULL_CONVERSION = YES;
				CLANG_WARN_OBJC_IMPLICIT_RETAIN_SELF = YES;
				CLANG_WARN_OBJC_LITERAL_CONVERSION = YES;
				CLANG_WARN_OBJC_ROOT_CLASS = YES_ERROR;
				CLANG_WARN_QUOTED_INCLUDE_IN_FRAMEWORK_HEADER = YES;
				CLANG_WARN_RANGE_LOOP_ANALYSIS = YES;
				CLANG_WARN_STRICT_PROTOTYPES = YES;
				CLANG_WARN_SUSPICIOUS_MOVE = YES;
				CLANG_WARN_UNGUARDED_AVAILABILITY = YES_AGGRESSIVE;
				CLANG_WARN_UNREACHABLE_CODE = YES;
				CLANG_WARN__DUPLICATE_METHOD_MATCH = YES;
				COPY_PHASE_STRIP = NO;
				DEBUG_INFORMATION_FORMAT = dwarf;
				DEVELOPMENT_TEAM = 969493845D;
				ENABLE_STRICT_OBJC_MSGSEND = YES;
				ENABLE_TESTABILITY = YES;
				ENABLE_USER_SCRIPT_SANDBOXING = YES;
				GCC_C_LANGUAGE_STANDARD = gnu17;
				GCC_DYNAMIC_NO_PIC = NO;
				GCC_NO_COMMON_BLOCKS = YES;
				GCC_OPTIMIZATION_LEVEL = 0;
				GCC_PREPROCESSOR_DEFINITIONS = (
					"DEBUG=1",
					"$(inherited)",
				);
				GCC_WARN_64_TO_32_BIT_CONVERSION = YES;
				GCC_WARN_ABOUT_RETURN_TYPE = YES_ERROR;
				GCC_WARN_UNDECLARED_SELECTOR = YES;
				GCC_WARN_UNINITIALIZED_AUTOS = YES_AGGRESSIVE;
				GCC_WARN_UNUSED_FUNCTION = YES;
				GCC_WARN_UNUSED_VARIABLE = YES;
				IPHONEOS_DEPLOYMENT_TARGET = 26.4;
				LOCALIZATION_PREFERS_STRING_CATALOGS = YES;
				MTL_ENABLE_DEBUG_INFO = INCLUDE_SOURCE;
				MTL_FAST_MATH = YES;
				ONLY_ACTIVE_ARCH = YES;
				SDKROOT = iphoneos;
				SWIFT_ACTIVE_COMPILATION_CONDITIONS = "DEBUG $(inherited)";
				SWIFT_OPTIMIZATION_LEVEL = "-Onone";
			};
			name = Debug;
		};
		FA3F6D212F9AAE880088EA65 /* Release */ = {
			isa = XCBuildConfiguration;
			buildSettings = {
				ALWAYS_SEARCH_USER_PATHS = NO;
				ASSETCATALOG_COMPILER_GENERATE_SWIFT_ASSET_SYMBOL_EXTENSIONS = YES;
				CLANG_ANALYZER_NONNULL = YES;
				CLANG_ANALYZER_NUMBER_OBJECT_CONVERSION = YES_AGGRESSIVE;
				CLANG_CXX_LANGUAGE_STANDARD = "gnu++20";
				CLANG_ENABLE_MODULES = YES;
				CLANG_ENABLE_OBJC_ARC = YES;
				CLANG_ENABLE_OBJC_WEAK = YES;
				CLANG_WARN_BLOCK_CAPTURE_AUTORELEASING = YES;
				CLANG_WARN_BOOL_CONVERSION = YES;
				CLANG_WARN_COMMA = YES;
				CLANG_WARN_CONSTANT_CONVERSION = YES;
				CLANG_WARN_DEPRECATED_OBJC_IMPLEMENTATIONS = YES;
				CLANG_WARN_DIRECT_OBJC_ISA_USAGE = YES_ERROR;
				CLANG_WARN_DOCUMENTATION_COMMENTS = YES;
				CLANG_WARN_EMPTY_BODY = YES;
				CLANG_WARN_ENUM_CONVERSION = YES;
				CLANG_WARN_INFINITE_RECURSION = YES;
				CLANG_WARN_INT_CONVERSION = YES;
				CLANG_WARN_NON_LITERAL_NULL_CONVERSION = YES;
				CLANG_WARN_OBJC_IMPLICIT_RETAIN_SELF = YES;
				CLANG_WARN_OBJC_LITERAL_CONVERSION = YES;
				CLANG_WARN_OBJC_ROOT_CLASS = YES_ERROR;
				CLANG_WARN_QUOTED_INCLUDE_IN_FRAMEWORK_HEADER = YES;
				CLANG_WARN_RANGE_LOOP_ANALYSIS = YES;
				CLANG_WARN_STRICT_PROTOTYPES = YES;
				CLANG_WARN_SUSPICIOUS_MOVE = YES;
				CLANG_WARN_UNGUARDED_AVAILABILITY = YES_AGGRESSIVE;
				CLANG_WARN_UNREACHABLE_CODE = YES;
				CLANG_WARN__DUPLICATE_METHOD_MATCH = YES;
				COPY_PHASE_STRIP = NO;
				DEBUG_INFORMATION_FORMAT = "dwarf-with-dsym";
				DEVELOPMENT_TEAM = 969493845D;
				ENABLE_NS_ASSERTIONS = NO;
				ENABLE_STRICT_OBJC_MSGSEND = YES;
				ENABLE_USER_SCRIPT_SANDBOXING = YES;
				GCC_C_LANGUAGE_STANDARD = gnu17;
				GCC_NO_COMMON_BLOCKS = YES;
				GCC_WARN_64_TO_32_BIT_CONVERSION = YES;
				GCC_WARN_ABOUT_RETURN_TYPE = YES_ERROR;
				GCC_WARN_UNDECLARED_SELECTOR = YES;
				GCC_WARN_UNINITIALIZED_AUTOS = YES_AGGRESSIVE;
				GCC_WARN_UNUSED_FUNCTION = YES;
				GCC_WARN_UNUSED_VARIABLE = YES;
				IPHONEOS_DEPLOYMENT_TARGET = 26.4;
				LOCALIZATION_PREFERS_STRING_CATALOGS = YES;
				MTL_ENABLE_DEBUG_INFO = NO;
				MTL_FAST_MATH = YES;
				SDKROOT = iphoneos;
				SWIFT_COMPILATION_MODE = wholemodule;
				VALIDATE_PRODUCT = YES;
			};
			name = Release;
		};
		FA3F6D232F9AAE880088EA65 /* Debug */ = {
			isa = XCBuildConfiguration;
			buildSettings = {
				BUNDLE_LOADER = "$(TEST_HOST)";
				CODE_SIGN_STYLE = Automatic;
				CURRENT_PROJECT_VERSION = 1;
				DEVELOPMENT_TEAM = 969493845D;
				GENERATE_INFOPLIST_FILE = YES;
				IPHONEOS_DEPLOYMENT_TARGET = 26.4;
				MARKETING_VERSION = 1.0;
				PRODUCT_BUNDLE_IDENTIFIER = VishalBhogal.SignalTests;
				PRODUCT_NAME = "$(TARGET_NAME)";
				STRING_CATALOG_GENERATE_SYMBOLS = NO;
				SWIFT_APPROACHABLE_CONCURRENCY = YES;
				SWIFT_EMIT_LOC_STRINGS = NO;
				SWIFT_UPCOMING_FEATURE_MEMBER_IMPORT_VISIBILITY = YES;
				SWIFT_VERSION = 5.0;
				TARGETED_DEVICE_FAMILY = "1,2";
				TEST_HOST = "$(BUILT_PRODUCTS_DIR)/Signal.app/$(BUNDLE_EXECUTABLE_FOLDER_PATH)/Signal";
			};
			name = Debug;
		};
		FA3F6D242F9AAE880088EA65 /* Release */ = {
			isa = XCBuildConfiguration;
			buildSettings = {
				BUNDLE_LOADER = "$(TEST_HOST)";
				CODE_SIGN_STYLE = Automatic;
				CURRENT_PROJECT_VERSION = 1;
				DEVELOPMENT_TEAM = 969493845D;
				GENERATE_INFOPLIST_FILE = YES;
				IPHONEOS_DEPLOYMENT_TARGET = 26.4;
				MARKETING_VERSION = 1.0;
				PRODUCT_BUNDLE_IDENTIFIER = VishalBhogal.SignalTests;
				PRODUCT_NAME = "$(TARGET_NAME)";
				STRING_CATALOG_GENERATE_SYMBOLS = NO;
				SWIFT_APPROACHABLE_CONCURRENCY = YES;
				SWIFT_EMIT_LOC_STRINGS = NO;
				SWIFT_UPCOMING_FEATURE_MEMBER_IMPORT_VISIBILITY = YES;
				SWIFT_VERSION = 5.0;
				TARGETED_DEVICE_FAMILY = "1,2";
				TEST_HOST = "$(BUILT_PRODUCTS_DIR)/Signal.app/$(BUNDLE_EXECUTABLE_FOLDER_PATH)/Signal";
			};
			name = Release;
		};
		FA3F6D262F9AAE880088EA65 /* Debug */ = {
			isa = XCBuildConfiguration;
			buildSettings = {
				CODE_SIGN_STYLE = Automatic;
				CURRENT_PROJECT_VERSION = 1;
				DEVELOPMENT_TEAM = 969493845D;
				GENERATE_INFOPLIST_FILE = YES;
				MARKETING_VERSION = 1.0;
				PRODUCT_BUNDLE_IDENTIFIER = VishalBhogal.SignalUITests;
				PRODUCT_NAME = "$(TARGET_NAME)";
				STRING_CATALOG_GENERATE_SYMBOLS = NO;
				SWIFT_APPROACHABLE_CONCURRENCY = YES;
				SWIFT_EMIT_LOC_STRINGS = NO;
				SWIFT_UPCOMING_FEATURE_MEMBER_IMPORT_VISIBILITY = YES;
				SWIFT_VERSION = 5.0;
				TARGETED_DEVICE_FAMILY = "1,2";
				TEST_TARGET_NAME = Signal;
			};
			name = Debug;
		};
		FA3F6D272F9AAE880088EA65 /* Release */ = {
			isa = XCBuildConfiguration;
			buildSettings = {
				CODE_SIGN_STYLE = Automatic;
				CURRENT_PROJECT_VERSION = 1;
				DEVELOPMENT_TEAM = 969493845D;
				GENERATE_INFOPLIST_FILE = YES;
				MARKETING_VERSION = 1.0;
				PRODUCT_BUNDLE_IDENTIFIER = VishalBhogal.SignalUITests;
				PRODUCT_NAME = "$(TARGET_NAME)";
				STRING_CATALOG_GENERATE_SYMBOLS = NO;
				SWIFT_APPROACHABLE_CONCURRENCY = YES;
				SWIFT_EMIT_LOC_STRINGS = NO;
				SWIFT_UPCOMING_FEATURE_MEMBER_IMPORT_VISIBILITY = YES;
				SWIFT_VERSION = 5.0;
				TARGETED_DEVICE_FAMILY = "1,2";
				TEST_TARGET_NAME = Signal;
			};
			name = Release;
		};
/* End XCBuildConfiguration section */

/* Begin XCConfigurationList section */
		FA3F6CEF2F9AAE870088EA65 /* Build configuration list for PBXProject "Signal" */ = {
			isa = XCConfigurationList;
			buildConfigurations = (
				FA3F6D202F9AAE880088EA65 /* Debug */,
				FA3F6D212F9AAE880088EA65 /* Release */,
			);
			defaultConfigurationIsVisible = 0;
			defaultConfigurationName = Release;
		};
		FA3F6D1D2F9AAE880088EA65 /* Build configuration list for PBXNativeTarget "Signal" */ = {
			isa = XCConfigurationList;
			buildConfigurations = (
				FA3F6D1E2F9AAE880088EA65 /* Debug */,
				FA3F6D1F2F9AAE880088EA65 /* Release */,
			);
			defaultConfigurationIsVisible = 0;
			defaultConfigurationName = Release;
		};
		FA3F6D222F9AAE880088EA65 /* Build configuration list for PBXNativeTarget "SignalTests" */ = {
			isa = XCConfigurationList;
			buildConfigurations = (
				FA3F6D232F9AAE880088EA65 /* Debug */,
				FA3F6D242F9AAE880088EA65 /* Release */,
			);
			defaultConfigurationIsVisible = 0;
			defaultConfigurationName = Release;
		};
		FA3F6D252F9AAE880088EA65 /* Build configuration list for PBXNativeTarget "SignalUITests" */ = {
			isa = XCConfigurationList;
			buildConfigurations = (
				FA3F6D262F9AAE880088EA65 /* Debug */,
				FA3F6D272F9AAE880088EA65 /* Release */,
			);
			defaultConfigurationIsVisible = 0;
			defaultConfigurationName = Release;
		};
/* End XCConfigurationList section */

/* Begin XCRemoteSwiftPackageReference section */
		FA3F6D282F9CB8710088EA65 /* XCRemoteSwiftPackageReference "lottie-ios" */ = {
			isa = XCRemoteSwiftPackageReference;
			repositoryURL = "https://github.com/airbnb/lottie-ios";
			requirement = {
				kind = upToNextMajorVersion;
				minimumVersion = 4.0.0;
			};
		};
/* End XCRemoteSwiftPackageReference section */

/* Begin XCSwiftPackageProductDependency section */
		FA3F6D2B2F9CB8710088EA65 /* Lottie-Dynamic */ = {
			isa = XCSwiftPackageProductDependency;
			package = FA3F6D282F9CB8710088EA65 /* XCRemoteSwiftPackageReference "lottie-ios" */;
			productName = "Lottie-Dynamic";
		};
/* End XCSwiftPackageProductDependency section */
	};
	rootObject = FA3F6CEC2F9AAE870088EA65 /* Project object */;
}
